
Microsoft Visual Studio Solution File, Format Version 12.00
# Visual Studio Version 16
VisualStudioVersion = 16.0.29102.190
MinimumVisualStudioVersion = 10.0.40219.1
Project("{FAE04EC0-301F-11D3-BF4B-00C04F79EFBC}") = "Five_Seconds.Android", "Five_Seconds\Five_Seconds.Android\Five_Seconds.Android.csproj", "{34119A5E-8D83-4CB2-BD50-F9D3BB51036A}"
EndProject
Project("{FAE04EC0-301F-11D3-BF4B-00C04F79EFBC}") = "Five_Seconds.iOS", "Five_Seconds\Five_Seconds.iOS\Five_Seconds.iOS.csproj", "{5241B9D4-E71A-4F1B-8B6D-9076DD90D138}"
EndProject
Project("{FAE04EC0-301F-11D3-BF4B-00C04F79EFBC}") = "Five_Seconds", "Five_Seconds\Five_Seconds\Five_Seconds.csproj", "{39A1D7CF-B1CE-4B7D-A33C-1300B75FCC9D}"
EndProject
Global
	GlobalSection(SolutionConfigurationPlatforms) = preSolution
		Debug|Any CPU = Debug|Any CPU
		Debug|iPhone = Debug|iPhone
		Debug|iPhoneSimulator = Debug|iPhoneSimulator
		Release|Any CPU = Release|Any CPU
		Release|iPhone = Release|iPhone
		Release|iPhoneSimulator = Release|iPhoneSimulator
	EndGlobalSection
	GlobalSection(ProjectConfigurationPlatforms) = postSolution
		{34119A5E-8D83-4CB2-BD50-F9D3BB51036A}.Debug|Any CPU.ActiveCfg = Debug|Any CPU
		{34119A5E-8D83-4CB2-BD50-F9D3BB51036A}.Debug|Any CPU.Build.0 = Debug|Any CPU
		{34119A5E-8D83-4CB2-BD50-F9D3BB51036A}.Debug|Any CPU.Deploy.0 = Debug|Any CPU
		{34119A5E-8D83-4CB2-BD50-F9D3BB51036A}.Debug|iPhone.ActiveCfg = Debug|Any CPU
		{34119A5E-8D83-4CB2-BD50-F9D3BB51036A}.Debug|iPhone.Build.0 = Debug|Any CPU
		{34119A5E-8D83-4CB2-BD50-F9D3BB51036A}.Debug|iPhone.Deploy.0 = Debug|Any CPU
		{34119A5E-8D83-4CB2-BD50-F9D3BB51036A}.Debug|iPhoneSimulator.ActiveCfg = Debug|Any CPU
		{34119A5E-8D83-4CB2-BD50-F9D3BB51036A}.Debug|iPhoneSimulator.Build.0 = Debug|Any CPU
		{34119A5E-8D83-4CB2-BD50-F9D3BB51036A}.Debug|iPhoneSimulator.Deploy.0 = Debug|Any CPU
		{34119A5E-8D83-4CB2-BD50-F9D3BB51036A}.Release|Any CPU.ActiveCfg = Release|Any CPU
		{34119A5E-8D83-4CB2-BD50-F9D3BB51036A}.Release|Any CPU.Build.0 = Release|Any CPU
		{34119A5E-8D83-4CB2-BD50-F9D3BB51036A}.Release|Any CPU.Deploy.0 = Release|Any CPU
		{34119A5E-8D83-4CB2-BD50-F9D3BB51036A}.Release|iPhone.ActiveCfg = Release|Any CPU
		{34119A5E-8D83-4CB2-BD50-F9D3BB51036A}.Release|iPhone.Build.0 = Release|Any CPU
		{34119A5E-8D83-4CB2-BD50-F9D3BB51036A}.Release|iPhone.Deploy.0 = Release|Any CPU
		{34119A5E-8D83-4CB2-BD50-F9D3BB51036A}.Release|iPhoneSimulator.ActiveCfg = Release|Any CPU
		{34119A5E-8D83-4CB2-BD50-F9D3BB51036A}.Release|iPhoneSimulator.Build.0 = Release|Any CPU
		{34119A5E-8D83-4CB2-BD50-F9D3BB51036A}.Release|iPhoneSimulator.Deploy.0 = Release|Any CPU
		{5241B9D4-E71A-4F1B-8B6D-9076DD90D138}.Debug|Any CPU.ActiveCfg = Debug|iPhoneSimulator
		{5241B9D4-E71A-4F1B-8B6D-9076DD90D138}.Debug|Any CPU.Build.0 = Debug|iPhoneSimulator
		{5241B9D4-E71A-4F1B-8B6D-9076DD90D138}.Debug|Any CPU.Deploy.0 = Debug|iPhoneSimulator
		{5241B9D4-E71A-4F1B-8B6D-9076DD90D138}.Debug|iPhone.ActiveCfg = Debug|iPhone
		{5241B9D4-E71A-4F1B-8B6D-9076DD90D138}.Debug|iPhone.Build.0 = Debug|iPhone
		{5241B9D4-E71A-4F1B-8B6D-9076DD90D138}.Debug|iPhone.Deploy.0 = Debug|iPhone
		{5241B9D4-E71A-4F1B-8B6D-9076DD90D138}.Debug|iPhoneSimulator.ActiveCfg = Debug|iPhoneSimulator
		{5241B9D4-E71A-4F1B-8B6D-9076DD90D138}.Debug|iPhoneSimulator.Build.0 = Debug|iPhoneSimulator
		{5241B9D4-E71A-4F1B-8B6D-9076DD90D138}.Debug|iPhoneSimulator.Deploy.0 = Debug|iPhoneSimulator
		{5241B9D4-E71A-4F1B-8B6D-9076DD90D138}.Release|Any CPU.ActiveCfg = Release|iPhone
		{5241B9D4-E71A-4F1B-8B6D-9076DD90D138}.Release|Any CPU.Build.0 = Release|iPhone
		{5241B9D4-E71A-4F1B-8B6D-9076DD90D138}.Release|Any CPU.Deploy.0 = Release|iPhone
		{5241B9D4-E71A-4F1B-8B6D-9076DD90D138}.Release|iPhone.ActiveCfg = Release|iPhone
		{5241B9D4-E71A-4F1B-8B6D-9076DD90D138}.Release|iPhone.Build.0 = Release|iPhone
		{5241B9D4-E71A-4F1B-8B6D-9076DD90D138}.Release|iPhone.Deploy.0 = Release|iPhone
		{5241B9D4-E71A-4F1B-8B6D-9076DD90D138}.Release|iPhoneSimulator.ActiveCfg = Release|iPhoneSimulator
		{5241B9D4-E71A-4F1B-8B6D-9076DD90D138}.Release|iPhoneSimulator.Build.0 = Release|iPhoneSimulator
		{5241B9D4-E71A-4F1B-8B6D-9076DD90D138}.Release|iPhoneSimulator.Deploy.0 = Release|iPhoneSimulator
		{39A1D7CF-B1CE-4B7D-A33C-1300B75FCC9D}.Debug|Any CPU.ActiveCfg = Debug|Any CPU
		{39A1D7CF-B1CE-4B7D-A33C-1300B75FCC9D}.Debug|Any CPU.Build.0 = Debug|Any CPU
		{39A1D7CF-B1CE-4B7D-A33C-1300B75FCC9D}.Debug|Any CPU.Deploy.0 = Debug|Any CPU
		{39A1D7CF-B1CE-4B7D-A33C-1300B75FCC9D}.Debug|iPhone.ActiveCfg = Debug|Any CPU
		{39A1D7CF-B1CE-4B7D-A33C-1300B75FCC9D}.Debug|iPhone.Build.0 = Debug|Any CPU
		{39A1D7CF-B1CE-4B7D-A33C-1300B75FCC9D}.Debug|iPhone.Deploy.0 = Debug|Any CPU
		{39A1D7CF-B1CE-4B7D-A33C-1300B75FCC9D}.Debug|iPhoneSimulator.ActiveCfg = Debug|Any CPU
		{39A1D7CF-B1CE-4B7D-A33C-1300B75FCC9D}.Debug|iPhoneSimulator.Build.0 = Debug|Any CPU
		{39A1D7CF-B1CE-4B7D-A33C-1300B75FCC9D}.Debug|iPhoneSimulator.Deploy.0 = Debug|Any CPU
		{39A1D7CF-B1CE-4B7D-A33C-1300B75FCC9D}.Release|Any CPU.ActiveCfg = Release|Any CPU
		{39A1D7CF-B1CE-4B7D-A33C-1300B75FCC9D}.Release|Any CPU.Build.0 = Release|Any CPU
		{39A1D7CF-B1CE-4B7D-A33C-1300B75FCC9D}.Release|Any CPU.Deploy.0 = Release|Any CPU
		{39A1D7CF-B1CE-4B7D-A33C-1300B75FCC9D}.Release|iPhone.ActiveCfg = Release|Any CPU
		{39A1D7CF-B1CE-4B7D-A33C-1300B75FCC9D}.Release|iPhone.Build.0 = Release|Any CPU
		{39A1D7CF-B1CE-4B7D-A33C-1300B75FCC9D}.Release|iPhone.Deploy.0 = Release|Any CPU
		{39A1D7CF-B1CE-4B7D-A33C-1300B75FCC9D}.Release|iPhoneSimulator.ActiveCfg = Release|Any CPU
		{39A1D7CF-B1CE-4B7D-A33C-1300B75FCC9D}.Release|iPhoneSimulator.Build.0 = Release|Any CPU
		{39A1D7CF-B1CE-4B7D-A33C-1300B75FCC9D}.Release|iPhoneSimulator.Deploy.0 = Release|Any CPU
	EndGlobalSection
	GlobalSection(SolutionProperties) = preSolution
		HideSolutionNode = FALSE
	EndGlobalSection
	GlobalSection(ExtensibilityGlobals) = postSolution
		SolutionGuid = {6F84C644-0035-46F7-B213-9D6199FE56E3}
	EndGlobalSection
EndGlobal
